// !$*UTF8*$!
{
	archiveVersion = 1;
	classes = {
	};
	objectVersion = 77;
	objects = {

/* Begin PBXContainerItemProxy section */
		456F2C0F2EC03F28008A4E54 /* PBXContainerItemProxy */ = {
			isa = PBXContainerItemProxy;
			containerPortal = 456F2BF92EC03F27008A4E54 /* Project object */;
			proxyType = 1;
			remoteGlobalIDString = 456F2C002EC03F27008A4E54;
			remoteInfo = SurvivorshipCareSwift;
		};
		456F2C192EC03F28008A4E54 /* PBXContainerItemProxy */ = {
			isa = PBXContainerItemProxy;
			containerPortal = 456F2BF92EC03F27008A4E54 /* Project object */;
			proxyType = 1;
			remoteGlobalIDString = 456F2C002EC03F27008A4E54;
			remoteInfo = SurvivorshipCareSwift;
		};
/* End PBXContainerItemProxy section */

/* Begin PBXFileReference section */
		456F2C012EC03F27008A4E54 /* SurvivorshipCareSwift.app */ = {isa = PBXFileReference; explicitFileType = wrapper.application; includeInIndex = 0; path = SurvivorshipCareSwift.app; sourceTree = BUILT_PRODUCTS_DIR; };
		456F2C0E2EC03F28008A4E54 /* SurvivorshipCareSwiftTests.xctest */ = {isa = PBXFileReference; explicitFileType = wrapper.cfbundle; includeInIndex = 0; path = SurvivorshipCareSwiftTests.xctest; sourceTree = BUILT_PRODUCTS_DIR; };
		456F2C182EC03F28008A4E54 /* SurvivorshipCareSwiftUITests.xctest */ = {isa = PBXFileReference; explicitFileType = wrapper.cfbundle; includeInIndex = 0; path = SurvivorshipCareSwiftUITests.xctest; sourceTree = BUILT_PRODUCTS_DIR; };
/* End PBXFileReference section */

/* Begin PBXFileSystemSynchronizedRootGroup section */
		456F2C112EC03F28008A4E54 /* SurvivorshipCareSwiftTests */ = {
			isa = PBXFileSystemSynchronizedRootGroup;
			path = SurvivorshipCareSwiftTests;
			sourceTree = "<group>";
		};
		456F2C1B2EC03F28008A4E54 /* SurvivorshipCareSwiftUITests */ = {
			isa = PBXFileSystemSynchronizedRootGroup;
			path = SurvivorshipCareSwiftUITests;
			sourceTree = "<group>";
		};
		45EE350F2EC059BB009955E9 /* SurvivorshipCareSwift */ = {
			isa = PBXFileSystemSynchronizedRootGroup;
			path = SurvivorshipCareSwift;
			sourceTree = "<group>";
		};
/* End PBXFileSystemSynchronizedRootGroup section */

/* Begin PBXFrameworksBuildPhase section */
		456F2BFE2EC03F27008A4E54 /* Frameworks */ = {
			isa = PBXFrameworksBuildPhase;
			buildActionMask = 2147483647;
			files = (
			);
			runOnlyForDeploymentPostprocessing = 0;
		};
		456F2C0B2EC03F28008A4E54 /* Frameworks */ = {
			isa = PBXFrameworksBuildPhase;
			buildActionMask = 2147483647;
			files = (
			);
			runOnlyForDeploymentPostprocessing = 0;
		};
		456F2C152EC03F28008A4E54 /* Frameworks */ = {
			isa = PBXFrameworksBuildPhase;
			buildActionMask = 2147483647;
			files = (
			);
			runOnlyForDeploymentPostprocessing = 0;
		};
/* End PBXFrameworksBuildPhase section */

/* Begin PBXGroup section */
		456F2BF82EC03F27008A4E54 = {
			isa = PBXGroup;
			children = (
				45EE350F2EC059BB009955E9 /* SurvivorshipCareSwift */,
				456F2C112EC03F28008A4E54 /* SurvivorshipCareSwiftTests */,
				456F2C1B2EC03F28008A4E54 /* SurvivorshipCareSwiftUITests */,
				456F2C022EC03F27008A4E54 /* Products */,
			);
			sourceTree = "<group>";
		};
		456F2C022EC03F27008A4E54 /* Products */ = {
			isa = PBXGroup;
			children = (
				456F2C012EC03F27008A4E54 /* SurvivorshipCareSwift.app */,
				456F2C0E2EC03F28008A4E54 /* SurvivorshipCareSwiftTests.xctest */,
				456F2C182EC03F28008A4E54 /* SurvivorshipCareSwiftUITests.xctest */,
			);
			name = Products;
			sourceTree = "<group>";
		};
/* End PBXGroup section */

/* Begin PBXNativeTarget section */
		456F2C002EC03F27008A4E54 /* SurvivorshipCareSwift */ = {
			isa = PBXNativeTarget;
			buildConfigurationList = 456F2C222EC03F28008A4E54 /* Build configuration list for PBXNativeTarget "SurvivorshipCareSwift" */;
			buildPhases = (
				456F2BFD2EC03F27008A4E54 /* Sources */,
				456F2BFE2EC03F27008A4E54 /* Frameworks */,
				456F2BFF2EC03F27008A4E54 /* Resources */,
			);
			buildRules = (
			);
			dependencies = (
			);
			fileSystemSynchronizedGroups = (
				45EE350F2EC059BB009955E9 /* SurvivorshipCareSwift */,
			);
			name = SurvivorshipCareSwift;
			packageProductDependencies = (
			);
			productName = SurvivorshipCareSwift;
			productReference = 456F2C012EC03F27008A4E54 /* SurvivorshipCareSwift.app */;
			productType = "com.apple.product-type.application";
		};
		456F2C0D2EC03F28008A4E54 /* SurvivorshipCareSwiftTests */ = {
			isa = PBXNativeTarget;
			buildConfigurationList = 456F2C252EC03F28008A4E54 /* Build configuration list for PBXNativeTarget "SurvivorshipCareSwiftTests" */;
			buildPhases = (
				456F2C0A2EC03F28008A4E54 /* Sources */,
				456F2C0B2EC03F28008A4E54 /* Frameworks */,
				456F2C0C2EC03F28008A4E54 /* Resources */,
			);
			buildRules = (
			);
			dependencies = (
				456F2C102EC03F28008A4E54 /* PBXTargetDependency */,
			);
			fileSystemSynchronizedGroups = (
				456F2C112EC03F28008A4E54 /* SurvivorshipCareSwiftTests */,
			);
			name = SurvivorshipCareSwiftTests;
			packageProductDependencies = (
			);
			productName = SurvivorshipCareSwiftTests;
			productReference = 456F2C0E2EC03F28008A4E54 /* SurvivorshipCareSwiftTests.xctest */;
			productType = "com.apple.product-type.bundle.unit-test";
		};
		456F2C172EC03F28008A4E54 /* SurvivorshipCareSwiftUITests */ = {
			isa = PBXNativeTarget;
			buildConfigurationList = 456F2C282EC03F28008A4E54 /* Build configuration list for PBXNativeTarget "SurvivorshipCareSwiftUITests" */;
			buildPhases = (
				456F2C142EC03F28008A4E54 /* Sources */,
				456F2C152EC03F28008A4E54 /* Frameworks */,
				456F2C162EC03F28008A4E54 /* Resources */,
			);
			buildRules = (
			);
			dependencies = (
				456F2C1A2EC03F28008A4E54 /* PBXTargetDependency */,
			);
			fileSystemSynchronizedGroups = (
				456F2C1B2EC03F28008A4E54 /* SurvivorshipCareSwiftUITests */,
			);
			name = SurvivorshipCareSwiftUITests;
			packageProductDependencies = (
			);
			productName = SurvivorshipCareSwiftUITests;
			productReference = 456F2C182EC03F28008A4E54 /* SurvivorshipCareSwiftUITests.xctest */;
			productType = "com.apple.product-type.bundle.ui-testing";
		};
/* End PBXNativeTarget section */

/* Begin PBXProject section */
		456F2BF92EC03F27008A4E54 /* Project object */ = {
			isa = PBXProject;
			attributes = {
				BuildIndependentTargetsInParallel = 1;
				LastSwiftUpdateCheck = 2610;
				LastUpgradeCheck = 2610;
				TargetAttributes = {
					456F2C002EC03F27008A4E54 = {
						CreatedOnToolsVersion = 26.1;
					};
					456F2C0D2EC03F28008A4E54 = {
						CreatedOnToolsVersion = 26.1;
						TestTargetID = 456F2C002EC03F27008A4E54;
					};
					456F2C172EC03F28008A4E54 = {
						CreatedOnToolsVersion = 26.1;
						TestTargetID = 456F2C002EC03F27008A4E54;
					};
				};
			};
			buildConfigurationList = 456F2BFC2EC03F27008A4E54 /* Build configuration list for PBXProject "SurvivorshipCareSwift" */;
			developmentRegion = en;
			hasScannedForEncodings = 0;
			knownRegions = (
				en,
				Base,
			);
			mainGroup = 456F2BF82EC03F27008A4E54;
			minimizedProjectReferenceProxies = 1;
			preferredProjectObjectVersion = 77;
			productRefGroup = 456F2C022EC03F27008A4E54 /* Products */;
			projectDirPath = "";
			projectRoot = "";
			targets = (
				456F2C002EC03F27008A4E54 /* SurvivorshipCareSwift */,
				456F2C0D2EC03F28008A4E54 /* SurvivorshipCareSwiftTests */,
				456F2C172EC03F28008A4E54 /* SurvivorshipCareSwiftUITests */,
			);
		};
/* End PBXProject section */

/* Begin PBXResourcesBuildPhase section */
		456F2BFF2EC03F27008A4E54 /* Resources */ = {
			isa = PBXResourcesBuildPhase;
			buildActionMask = 2147483647;
			files = (
			);
			runOnlyForDeploymentPostprocessing = 0;
		};
		456F2C0C2EC03F28008A4E54 /* Resources */ = {
			isa = PBXResourcesBuildPhase;
			buildActionMask = 2147483647;
			files = (
			);
			runOnlyForDeploymentPostprocessing = 0;
		};
		456F2C162EC03F28008A4E54 /* Resources */ = {
			isa = PBXResourcesBuildPhase;
			buildActionMask = 2147483647;
			files = (
			);
			runOnlyForDeploymentPostprocessing = 0;
		};
/* End PBXResourcesBuildPhase section */

/* Begin PBXSourcesBuildPhase section */
		456F2BFD2EC03F27008A4E54 /* Sources */ = {
			isa = PBXSourcesBuildPhase;
			buildActionMask = 2147483647;
			files = (
			);
			runOnlyForDeploymentPostprocessing = 0;
		};
		456F2C0A2EC03F28008A4E54 /* Sources */ = {
			isa = PBXSourcesBuildPhase;
			buildActionMask = 2147483647;
			files = (
			);
			runOnlyForDeploymentPostprocessing = 0;
		};
		456F2C142EC03F28008A4E54 /* Sources */ = {
			isa = PBXSourcesBuildPhase;
			buildActionMask = 2147483647;
			files = (
			);
			runOnlyForDeploymentPostprocessing = 0;
		};
/* End PBXSourcesBuildPhase section */

/* Begin PBXTargetDependency section */
		456F2C102EC03F28008A4E54 /* PBXTargetDependency */ = {
			isa = PBXTargetDependency;
			target = 456F2C002EC03F27008A4E54 /* SurvivorshipCareSwift */;
			targetProxy = 456F2C0F2EC03F28008A4E54 /* PBXContainerItemProxy */;
		};
		456F2C1A2EC03F28008A4E54 /* PBXTargetDependency */ = {
			isa = PBXTargetDependency;
			target = 456F2C002EC03F27008A4E54 /* SurvivorshipCareSwift */;
			targetProxy = 456F2C192EC03F28008A4E54 /* PBXContainerItemProxy */;
		};
/* End PBXTargetDependency section */

/* Begin XCBuildConfiguration section */
		456F2C202EC03F28008A4E54 /* Debug */ = {
			isa = XCBuildConfiguration;
			buildSettings = {
				ALWAYS_SEARCH_USER_PATHS = NO;
				ASSETCATALOG_COMPILER_GENERATE_SWIFT_ASSET_SYMBOL_EXTENSIONS = YES;
				CLANG_ANALYZER_NONNULL = YES;
				CLANG_ANALYZER_NUMBER_OBJECT_CONVERSION = YES_AGGRESSIVE;
				CLANG_CXX_LANGUAGE_STANDARD = "gnu++20";
				CLANG_ENABLE_MODULES = YES;
				CLANG_ENABLE_OBJC_ARC = YES;
				CLANG_ENABLE_OBJC_WEAK = YES;
				CLANG_WARN_BLOCK_CAPTURE_AUTORELEASING = YES;
				CLANG_WARN_BOOL_CONVERSION = YES;
				CLANG_WARN_COMMA = YES;
				CLANG_WARN_CONSTANT_CONVERSION = YES;
				CLANG_WARN_DEPRECATED_OBJC_IMPLEMENTATIONS = YES;
				CLANG_WARN_DIRECT_OBJC_ISA_USAGE = YES_ERROR;
				CLANG_WARN_DOCUMENTATION_COMMENTS = YES;
				CLANG_WARN_EMPTY_BODY = YES;
				CLANG_WARN_ENUM_CONVERSION = YES;
				CLANG_WARN_INFINITE_RECURSION = YES;
				CLANG_WARN_INT_CONVERSION = YES;
				CLANG_WARN_NON_LITERAL_NULL_CONVERSION = YES;
				CLANG_WARN_OBJC_IMPLICIT_RETAIN_SELF = YES;
				CLANG_WARN_OBJC_LITERAL_CONVERSION = YES;
				CLANG_WARN_OBJC_ROOT_CLASS = YES_ERROR;
				CLANG_WARN_QUOTED_INCLUDE_IN_FRAMEWORK_HEADER = YES;
				CLANG_WARN_RANGE_LOOP_ANALYSIS = YES;
				CLANG_WARN_STRICT_PROTOTYPES = YES;
				CLANG_WARN_SUSPICIOUS_MOVE = YES;
				CLANG_WARN_UNGUARDED_AVAILABILITY = YES_AGGRESSIVE;
				CLANG_WARN_UNREACHABLE_CODE = YES;
				CLANG_WARN__DUPLICATE_METHOD_MATCH = YES;
				COPY_PHASE_STRIP = NO;
				DEBUG_INFORMATION_FORMAT = dwarf;
				DEVELOPMENT_TEAM = WY6QK39672;
				ENABLE_STRICT_OBJC_MSGSEND = YES;
				ENABLE_TESTABILITY = YES;
				ENABLE_USER_SCRIPT_SANDBOXING = YES;
				GCC_C_LANGUAGE_STANDARD = gnu17;
				GCC_DYNAMIC_NO_PIC = NO;
				GCC_NO_COMMON_BLOCKS = YES;
				GCC_OPTIMIZATION_LEVEL = 0;
				GCC_PREPROCESSOR_DEFINITIONS = (
					"DEBUG=1",
					"$(inherited)",
				);
				GCC_WARN_64_TO_32_BIT_CONVERSION = YES;
				GCC_WARN_ABOUT_RETURN_TYPE = YES_ERROR;
				GCC_WARN_UNDECLARED_SELECTOR = YES;
				GCC_WARN_UNINITIALIZED_AUTOS = YES_AGGRESSIVE;
				GCC_WARN_UNUSED_FUNCTION = YES;
				GCC_WARN_UNUSED_VARIABLE = YES;
				IPHONEOS_DEPLOYMENT_TARGET = 26.1;
				LOCALIZATION_PREFERS_STRING_CATALOGS = YES;
				MTL_ENABLE_DEBUG_INFO = INCLUDE_SOURCE;
				MTL_FAST_MATH = YES;
				ONLY_ACTIVE_ARCH = YES;
				SDKROOT = iphoneos;
				SWIFT_ACTIVE_COMPILATION_CONDITIONS = "DEBUG $(inherited)";
				SWIFT_OPTIMIZATION_LEVEL = "-Onone";
			};
			name = Debug;
		};
		456F2C212EC03F28008A4E54 /* Release */ = {
			isa = XCBuildConfiguration;
			buildSettings = {
				ALWAYS_SEARCH_USER_PATHS = NO;
				ASSETCATALOG_COMPILER_GENERATE_SWIFT_ASSET_SYMBOL_EXTENSIONS = YES;
				CLANG_ANALYZER_NONNULL = YES;
				CLANG_ANALYZER_NUMBER_OBJECT_CONVERSION = YES_AGGRESSIVE;
				CLANG_CXX_LANGUAGE_STANDARD = "gnu++20";
				CLANG_ENABLE_MODULES = YES;
				CLANG_ENABLE_OBJC_ARC = YES;
				CLANG_ENABLE_OBJC_WEAK = YES;
				CLANG_WARN_BLOCK_CAPTURE_AUTORELEASING = YES;
				CLANG_WARN_BOOL_CONVERSION = YES;
				CLANG_WARN_COMMA = YES;
				CLANG_WARN_CONSTANT_CONVERSION = YES;
				CLANG_WARN_DEPRECATED_OBJC_IMPLEMENTATIONS = YES;
				CLANG_WARN_DIRECT_OBJC_ISA_USAGE = YES_ERROR;
				CLANG_WARN_DOCUMENTATION_COMMENTS = YES;
				CLANG_WARN_EMPTY_BODY = YES;
				CLANG_WARN_ENUM_CONVERSION = YES;
				CLANG_WARN_INFINITE_RECURSION = YES;
				CLANG_WARN_INT_CONVERSION = YES;
				CLANG_WARN_NON_LITERAL_NULL_CONVERSION = YES;
				CLANG_WARN_OBJC_IMPLICIT_RETAIN_SELF = YES;
				CLANG_WARN_OBJC_LITERAL_CONVERSION = YES;
				CLANG_WARN_OBJC_ROOT_CLASS = YES_ERROR;
				CLANG_WARN_QUOTED_INCLUDE_IN_FRAMEWORK_HEADER = YES;
				CLANG_WARN_RANGE_LOOP_ANALYSIS = YES;
				CLANG_WARN_STRICT_PROTOTYPES = YES;
				CLANG_WARN_SUSPICIOUS_MOVE = YES;
				CLANG_WARN_UNGUARDED_AVAILABILITY = YES_AGGRESSIVE;
				CLANG_WARN_UNREACHABLE_CODE = YES;
				CLANG_WARN__DUPLICATE_METHOD_MATCH = YES;
				COPY_PHASE_STRIP = NO;
				DEBUG_INFORMATION_FORMAT = "dwarf-with-dsym";
				DEVELOPMENT_TEAM = WY6QK39672;
				ENABLE_NS_ASSERTIONS = NO;
				ENABLE_STRICT_OBJC_MSGSEND = YES;
				ENABLE_USER_SCRIPT_SANDBOXING = YES;
				GCC_C_LANGUAGE_STANDARD = gnu17;
				GCC_NO_COMMON_BLOCKS = YES;
				GCC_WARN_64_TO_32_BIT_CONVERSION = YES;
				GCC_WARN_ABOUT_RETURN_TYPE = YES_ERROR;
				GCC_WARN_UNDECLARED_SELECTOR = YES;
				GCC_WARN_UNINITIALIZED_AUTOS = YES_AGGRESSIVE;
				GCC_WARN_UNUSED_FUNCTION = YES;
				GCC_WARN_UNUSED_VARIABLE = YES;
				IPHONEOS_DEPLOYMENT_TARGET = 26.1;
				LOCALIZATION_PREFERS_STRING_CATALOGS = YES;
				MTL_ENABLE_DEBUG_INFO = NO;
				MTL_FAST_MATH = YES;
				SDKROOT = iphoneos;
				SWIFT_COMPILATION_MODE = wholemodule;
				VALIDATE_PRODUCT = YES;
			};
			name = Release;
		};
		456F2C232EC03F28008A4E54 /* Debug */ = {
			isa = XCBuildConfiguration;
			buildSettings = {
				ASSETCATALOG_COMPILER_APPICON_NAME = AppIcon;
				ASSETCATALOG_COMPILER_GLOBAL_ACCENT_COLOR_NAME = AccentColor;
				CODE_SIGN_ENTITLEMENTS = SurvivorshipCareSwift/SurvivorshipCareSwift.entitlements;
				CODE_SIGN_STYLE = Automatic;
				CURRENT_PROJECT_VERSION = 1;
				DEVELOPMENT_TEAM = WY6QK39672;
				ENABLE_PREVIEWS = YES;
				GENERATE_INFOPLIST_FILE = YES;
				INFOPLIST_KEY_NSHealthShareUsageDescription = "Read heart rate, steps, distance, and energy metrics for survivorship tracking.";
				INFOPLIST_KEY_NSHealthUpdateUsageDescription = "Write workouts or energy samples from the app.";
				INFOPLIST_KEY_UIApplicationSceneManifest_Generation = YES;
				INFOPLIST_KEY_UIApplicationSupportsIndirectInputEvents = YES;
				INFOPLIST_KEY_UILaunchScreen_Generation = YES;
				INFOPLIST_KEY_UISupportedInterfaceOrientations_iPad = "UIInterfaceOrientationPortrait UIInterfaceOrientationPortraitUpsideDown UIInterfaceOrientationLandscapeLeft UIInterfaceOrientationLandscapeRight";
				INFOPLIST_KEY_UISupportedInterfaceOrientations_iPhone = "UIInterfaceOrientationPortrait UIInterfaceOrientationLandscapeLeft UIInterfaceOrientationLandscapeRight";
				LD_RUNPATH_SEARCH_PATHS = (
					"$(inherited)",
					"@executable_path/Frameworks",
				);
				MARKETING_VERSION = 1.0;
				PRODUCT_BUNDLE_IDENTIFIER = "ut-buildathon.SurvivorshipCareSwift";
				PRODUCT_NAME = "$(TARGET_NAME)";
				STRING_CATALOG_GENERATE_SYMBOLS = YES;
				SWIFT_APPROACHABLE_CONCURRENCY = YES;
				SWIFT_DEFAULT_ACTOR_ISOLATION = MainActor;
				SWIFT_EMIT_LOC_STRINGS = YES;
				SWIFT_UPCOMING_FEATURE_MEMBER_IMPORT_VISIBILITY = YES;
				SWIFT_VERSION = 5.0;
				TARGETED_DEVICE_FAMILY = "1,2";
			};
			name = Debug;
		};
		456F2C242EC03F28008A4E54 /* Release */ = {
			isa = XCBuildConfiguration;
			buildSettings = {
				ASSETCATALOG_COMPILER_APPICON_NAME = AppIcon;
				ASSETCATALOG_COMPILER_GLOBAL_ACCENT_COLOR_NAME = AccentColor;
				CODE_SIGN_ENTITLEMENTS = SurvivorshipCareSwift/SurvivorshipCareSwift.entitlements;
				CODE_SIGN_STYLE = Automatic;
				CURRENT_PROJECT_VERSION = 1;
				DEVELOPMENT_TEAM = WY6QK39672;
				ENABLE_PREVIEWS = YES;
				GENERATE_INFOPLIST_FILE = YES;
				INFOPLIST_KEY_NSHealthShareUsageDescription = "Read heart rate, steps, distance, and energy metrics for survivorship tracking.";
				INFOPLIST_KEY_NSHealthUpdateUsageDescription = "Write workouts or energy samples from the app.";
				INFOPLIST_KEY_UIApplicationSceneManifest_Generation = YES;
				INFOPLIST_KEY_UIApplicationSupportsIndirectInputEvents = YES;
				INFOPLIST_KEY_UILaunchScreen_Generation = YES;
				INFOPLIST_KEY_UISupportedInterfaceOrientations_iPad = "UIInterfaceOrientationPortrait UIInterfaceOrientationPortraitUpsideDown UIInterfaceOrientationLandscapeLeft UIInterfaceOrientationLandscapeRight";
				INFOPLIST_KEY_UISupportedInterfaceOrientations_iPhone = "UIInterfaceOrientationPortrait UIInterfaceOrientationLandscapeLeft UIInterfaceOrientationLandscapeRight";
				LD_RUNPATH_SEARCH_PATHS = (
					"$(inherited)",
					"@executable_path/Frameworks",
				);
				MARKETING_VERSION = 1.0;
				PRODUCT_BUNDLE_IDENTIFIER = "ut-buildathon.SurvivorshipCareSwift";
				PRODUCT_NAME = "$(TARGET_NAME)";
				STRING_CATALOG_GENERATE_SYMBOLS = YES;
				SWIFT_APPROACHABLE_CONCURRENCY = YES;
				SWIFT_DEFAULT_ACTOR_ISOLATION = MainActor;
				SWIFT_EMIT_LOC_STRINGS = YES;
				SWIFT_UPCOMING_FEATURE_MEMBER_IMPORT_VISIBILITY = YES;
				SWIFT_VERSION = 5.0;
				TARGETED_DEVICE_FAMILY = "1,2";
			};
			name = Release;
		};
		456F2C262EC03F28008A4E54 /* Debug */ = {
			isa = XCBuildConfiguration;
			buildSettings = {
				BUNDLE_LOADER = "$(TEST_HOST)";
				CODE_SIGN_STYLE = Automatic;
				CURRENT_PROJECT_VERSION = 1;
				DEVELOPMENT_TEAM = WY6QK39672;
				GENERATE_INFOPLIST_FILE = YES;
				IPHONEOS_DEPLOYMENT_TARGET = 26.1;
				MARKETING_VERSION = 1.0;
				PRODUCT_BUNDLE_IDENTIFIER = "ut-buildathon.SurvivorshipCareSwiftTests";
				PRODUCT_NAME = "$(TARGET_NAME)";
				STRING_CATALOG_GENERATE_SYMBOLS = NO;
				SWIFT_APPROACHABLE_CONCURRENCY = YES;
				SWIFT_EMIT_LOC_STRINGS = NO;
				SWIFT_UPCOMING_FEATURE_MEMBER_IMPORT_VISIBILITY = YES;
				SWIFT_VERSION = 5.0;
				TARGETED_DEVICE_FAMILY = "1,2";
				TEST_HOST = "$(BUILT_PRODUCTS_DIR)/SurvivorshipCareSwift.app/$(BUNDLE_EXECUTABLE_FOLDER_PATH)/SurvivorshipCareSwift";
			};
			name = Debug;
		};
		456F2C272EC03F28008A4E54 /* Release */ = {
			isa = XCBuildConfiguration;
			buildSettings = {
				BUNDLE_LOADER = "$(TEST_HOST)";
				CODE_SIGN_STYLE = Automatic;
				CURRENT_PROJECT_VERSION = 1;
				DEVELOPMENT_TEAM = WY6QK39672;
				GENERATE_INFOPLIST_FILE = YES;
				IPHONEOS_DEPLOYMENT_TARGET = 26.1;
				MARKETING_VERSION = 1.0;
				PRODUCT_BUNDLE_IDENTIFIER = "ut-buildathon.SurvivorshipCareSwiftTests";
				PRODUCT_NAME = "$(TARGET_NAME)";
				STRING_CATALOG_GENERATE_SYMBOLS = NO;
				SWIFT_APPROACHABLE_CONCURRENCY = YES;
				SWIFT_EMIT_LOC_STRINGS = NO;
				SWIFT_UPCOMING_FEATURE_MEMBER_IMPORT_VISIBILITY = YES;
				SWIFT_VERSION = 5.0;
				TARGETED_DEVICE_FAMILY = "1,2";
				TEST_HOST = "$(BUILT_PRODUCTS_DIR)/SurvivorshipCareSwift.app/$(BUNDLE_EXECUTABLE_FOLDER_PATH)/SurvivorshipCareSwift";
			};
			name = Release;
		};
		456F2C292EC03F28008A4E54 /* Debug */ = {
			isa = XCBuildConfiguration;
			buildSettings = {
				CODE_SIGN_STYLE = Automatic;
				CURRENT_PROJECT_VERSION = 1;
				DEVELOPMENT_TEAM = WY6QK39672;
				GENERATE_INFOPLIST_FILE = YES;
				MARKETING_VERSION = 1.0;
				PRODUCT_BUNDLE_IDENTIFIER = "ut-buildathon.SurvivorshipCareSwiftUITests";
				PRODUCT_NAME = "$(TARGET_NAME)";
				STRING_CATALOG_GENERATE_SYMBOLS = NO;
				SWIFT_APPROACHABLE_CONCURRENCY = YES;
				SWIFT_EMIT_LOC_STRINGS = NO;
				SWIFT_UPCOMING_FEATURE_MEMBER_IMPORT_VISIBILITY = YES;
				SWIFT_VERSION = 5.0;
				TARGETED_DEVICE_FAMILY = "1,2";
				TEST_TARGET_NAME = SurvivorshipCareSwift;
			};
			name = Debug;
		};
		456F2C2A2EC03F28008A4E54 /* Release */ = {
			isa = XCBuildConfiguration;
			buildSettings = {
				CODE_SIGN_STYLE = Automatic;
				CURRENT_PROJECT_VERSION = 1;
				DEVELOPMENT_TEAM = WY6QK39672;
				GENERATE_INFOPLIST_FILE = YES;
				MARKETING_VERSION = 1.0;
				PRODUCT_BUNDLE_IDENTIFIER = "ut-buildathon.SurvivorshipCareSwiftUITests";
				PRODUCT_NAME = "$(TARGET_NAME)";
				STRING_CATALOG_GENERATE_SYMBOLS = NO;
				SWIFT_APPROACHABLE_CONCURRENCY = YES;
				SWIFT_EMIT_LOC_STRINGS = NO;
				SWIFT_UPCOMING_FEATURE_MEMBER_IMPORT_VISIBILITY = YES;
				SWIFT_VERSION = 5.0;
				TARGETED_DEVICE_FAMILY = "1,2";
				TEST_TARGET_NAME = SurvivorshipCareSwift;
			};
			name = Release;
		};
/* End XCBuildConfiguration section */

/* Begin XCConfigurationList section */
		456F2BFC2EC03F27008A4E54 /* Build configuration list for PBXProject "SurvivorshipCareSwift" */ = {
			isa = XCConfigurationList;
			buildConfigurations = (
				456F2C202EC03F28008A4E54 /* Debug */,
				456F2C212EC03F28008A4E54 /* Release */,
			);
			defaultConfigurationIsVisible = 0;
			defaultConfigurationName = Release;
		};
		456F2C222EC03F28008A4E54 /* Build configuration list for PBXNativeTarget "SurvivorshipCareSwift" */ = {
			isa = XCConfigurationList;
			buildConfigurations = (
				456F2C232EC03F28008A4E54 /* Debug */,
				456F2C242EC03F28008A4E54 /* Release */,
			);
			defaultConfigurationIsVisible = 0;
			defaultConfigurationName = Release;
		};
		456F2C252EC03F28008A4E54 /* Build configuration list for PBXNativeTarget "SurvivorshipCareSwiftTests" */ = {
			isa = XCConfigurationList;
			buildConfigurations = (
				456F2C262EC03F28008A4E54 /* Debug */,
				456F2C272EC03F28008A4E54 /* Release */,
			);
			defaultConfigurationIsVisible = 0;
			defaultConfigurationName = Release;
		};
		456F2C282EC03F28008A4E54 /* Build configuration list for PBXNativeTarget "SurvivorshipCareSwiftUITests" */ = {
			isa = XCConfigurationList;
			buildConfigurations = (
				456F2C292EC03F28008A4E54 /* Debug */,
				456F2C2A2EC03F28008A4E54 /* Release */,
			);
			defaultConfigurationIsVisible = 0;
			defaultConfigurationName = Release;
		};
/* End XCConfigurationList section */
	};
	rootObject = 456F2BF92EC03F27008A4E54 /* Project object */;
}
